
Microsoft Visual Studio Solution File, Format Version 12.00
# Visual Studio Version 16
VisualStudioVersion = 16.0.30621.155
MinimumVisualStudioVersion = 10.0.40219.1
Project("{FAE04EC0-301F-11D3-BF4B-00C04F79EFBC}") = "WebAPi.Cache", "WebAPi.Cache\WebAPi.Cache.csproj", "{65A7C9E4-A0D2-47A0-8176-3BB40079AC20}"
EndProject
Project("{FAE04EC0-301F-11D3-BF4B-00C04F79EFBC}") = "WebAPi.CacheOutput", "WebAPi.CacheOutput\WebAPi.CacheOutput.csproj", "{FE97E847-4F51-4100-986E-7AED47147C6C}"
EndProject
Global
	GlobalSection(SolutionConfigurationPlatforms) = preSolution
		Debug|Any CPU = Debug|Any CPU
		Release|Any CPU = Release|Any CPU
	EndGlobalSection
	GlobalSection(ProjectConfigurationPlatforms) = postSolution
		{65A7C9E4-A0D2-47A0-8176-3BB40079AC20}.Debug|Any CPU.ActiveCfg = Debug|Any CPU
		{65A7C9E4-A0D2-47A0-8176-3BB40079AC20}.Debug|Any CPU.Build.0 = Debug|Any CPU
		{65A7C9E4-A0D2-47A0-8176-3BB40079AC20}.Release|Any CPU.ActiveCfg = Release|Any CPU
		{65A7C9E4-A0D2-47A0-8176-3BB40079AC20}.Release|Any CPU.Build.0 = Release|Any CPU
		{FE97E847-4F51-4100-986E-7AED47147C6C}.Debug|Any CPU.ActiveCfg = Debug|Any CPU
		{FE97E847-4F51-4100-986E-7AED47147C6C}.Debug|Any CPU.Build.0 = Debug|Any CPU
		{FE97E847-4F51-4100-986E-7AED47147C6C}.Release|Any CPU.ActiveCfg = Release|Any CPU
		{FE97E847-4F51-4100-986E-7AED47147C6C}.Release|Any CPU.Build.0 = Release|Any CPU
	EndGlobalSection
	GlobalSection(SolutionProperties) = preSolution
		HideSolutionNode = FALSE
	EndGlobalSection
	GlobalSection(ExtensibilityGlobals) = postSolution
		SolutionGuid = {BEE4D7D4-2DED-4CA1-9EA5-0250339DE253}
	EndGlobalSection
EndGlobal
